
Microsoft Visual Studio Solution File, Format Version 12.00
# Visual Studio Version 17
VisualStudioVersion = 17.7.34018.315
MinimumVisualStudioVersion = 10.0.40219.1
Project("{888888A0-9F3D-457C-B088-3A5042F75D52}") = "Actividad1", "Actividad1.pyproj", "{E8C1853E-F968-42B7-8CEC-4787529E2A46}"
EndProject
Global
	GlobalSection(SolutionConfigurationPlatforms) = preSolution
		Debug|Any CPU = Debug|Any CPU
		Release|Any CPU = Release|Any CPU
	EndGlobalSection
	GlobalSection(ProjectConfigurationPlatforms) = postSolution
		{E8C1853E-F968-42B7-8CEC-4787529E2A46}.Debug|Any CPU.ActiveCfg = Debug|Any CPU
		{E8C1853E-F968-42B7-8CEC-4787529E2A46}.Release|Any CPU.ActiveCfg = Release|Any CPU
	EndGlobalSection
	GlobalSection(SolutionProperties) = preSolution
		HideSolutionNode = FALSE
	EndGlobalSection
	GlobalSection(ExtensibilityGlobals) = postSolution
		SolutionGuid = {4E97C1BA-6CD8-4931-AB1F-B2278CEF374B}
	EndGlobalSection
EndGlobal
